
Microsoft Visual Studio Solution File, Format Version 12.00
# Visual Studio Version 17
VisualStudioVersion = 17.0.32014.148
MinimumVisualStudioVersion = 10.0.40219.1
Project("{9A19103F-16F7-4668-BE54-9A1E7A4F7556}") = "HelloWorld", "HelloWorld\HelloWorld.csproj", "{B3E3A476-8EBB-4545-8342-3AAEA1EF173B}"
EndProject
Project("{9A19103F-16F7-4668-BE54-9A1E7A4F7556}") = "HelloName", "HelloName\HelloName.csproj", "{A868FA4E-0EAA-4E26-B029-8D16B03657B5}"
EndProject
Project("{9A19103F-16F7-4668-BE54-9A1E7A4F7556}") = "FavClubConsole", "FavClubConsole\FavClubConsole.csproj", "{9E7D1952-CB39-40C1-8E14-7C2DEE54B956}"
EndProject
Project("{9A19103F-16F7-4668-BE54-9A1E7A4F7556}") = "YourNameConsole", "YourNameConsole\YourNameConsole.csproj", "{9DB2A031-C4B0-46F0-96B8-10E5891AE4E5}"
EndProject
Project("{9A19103F-16F7-4668-BE54-9A1E7A4F7556}") = "Prog52A", "Prog52A\Prog52A.csproj", "{E18981BF-874F-4DFB-A2F2-3A41A07C2A03}"
EndProject
Project("{9A19103F-16F7-4668-BE54-9A1E7A4F7556}") = "Prog54B", "Prog54B\Prog54B.csproj", "{B4B2C87B-6A61-4032-84E5-C1EE6C94EB34}"
EndProject
Project("{9A19103F-16F7-4668-BE54-9A1E7A4F7556}") = "Prog54C", "Prog54C\Prog54C.csproj", "{CFE1EEBC-6044-48F5-AF51-76CFFA895650}"
EndProject
Project("{9A19103F-16F7-4668-BE54-9A1E7A4F7556}") = "Prog54D", "Prog54D\Prog54D.csproj", "{4E52E523-546E-48CA-9FDA-FCAE700C1733}"
EndProject
Project("{9A19103F-16F7-4668-BE54-9A1E7A4F7556}") = "Prog54A", "Prog54A\Prog54A.csproj", "{4FA26C65-0CDC-406C-914E-85B51380C0A7}"
EndProject
Project("{9A19103F-16F7-4668-BE54-9A1E7A4F7556}") = "Prog54B CSHARP", "Prog54B CSHARP\Prog54B CSHARP.csproj", "{8477B0B5-B757-4AB3-9851-C0E9A82EE7AC}"
EndProject
Project("{9A19103F-16F7-4668-BE54-9A1E7A4F7556}") = "Prog88A", "Prog88A\Prog88A.csproj", "{ECD4BCB2-B123-4EAE-8C33-2662F9B61699}"
EndProject
Project("{9A19103F-16F7-4668-BE54-9A1E7A4F7556}") = "Prog85C", "Prog85C\Prog85C.csproj", "{61270494-6FF3-49E2-8A8A-56983366F16A}"
EndProject
Project("{9A19103F-16F7-4668-BE54-9A1E7A4F7556}") = "LP4-5", "LP4-5\LP4-5.csproj", "{FBE72D56-7DE7-4AA1-8C5E-F2368D1161BA}"
EndProject
Project("{9A19103F-16F7-4668-BE54-9A1E7A4F7556}") = "LP4-1", "LP4-1\LP4-1.csproj", "{934FFE95-DD1B-4C72-A02F-BC6DB2BBB217}"
EndProject
Project("{9A19103F-16F7-4668-BE54-9A1E7A4F7556}") = "Prog88A C", "Prog88A C\Prog88A C.csproj", "{92A437CD-162E-4B82-B4BE-86976FA4E3AB}"
EndProject
Project("{9A19103F-16F7-4668-BE54-9A1E7A4F7556}") = "LP4-2", "LP4-2\LP4-2.csproj", "{3801C9E2-32D4-4784-A314-A6B39919812C}"
EndProject
Project("{9A19103F-16F7-4668-BE54-9A1E7A4F7556}") = "Pg266LargeSmall", "Pg266LargeSmall\Pg266LargeSmall.csproj", "{5D7282ED-4F0B-4D10-AB40-36D51947E6EC}"
EndProject
Project("{9A19103F-16F7-4668-BE54-9A1E7A4F7556}") = "Pg273BookClubPoints", "Pg273BookClubPoints\Pg273BookClubPoints.csproj", "{52B60327-1BFF-47DD-A3D6-0F35C7E5EE42}"
EndProject
Project("{9A19103F-16F7-4668-BE54-9A1E7A4F7556}") = "Pg273MassAndWeight", "Pg273MassAndWeight\Pg273MassAndWeight.csproj", "{CC981EA9-D746-4771-BBA6-A8EF0B44E5BE}"
EndProject
Project("{9A19103F-16F7-4668-BE54-9A1E7A4F7556}") = "Pg535CatchMe", "Pg535CatchMe\Pg535CatchMe.csproj", "{048FF517-67A4-43AB-A100-BFD3C5375AEA}"
EndProject
Project("{9A19103F-16F7-4668-BE54-9A1E7A4F7556}") = "Prog122A", "Prog122A\Prog122A.csproj", "{61E38DEA-A561-4B38-9D5E-2F3B8E48056E}"
EndProject
Project("{9A19103F-16F7-4668-BE54-9A1E7A4F7556}") = "Prog310A", "Prog310A\Prog310A.csproj", "{4FD2AD47-F663-4AC6-BA50-29CC3E0FCD15}"
EndProject
Project("{9A19103F-16F7-4668-BE54-9A1E7A4F7556}") = "Lang122B", "Lang122B\Lang122B.csproj", "{47345D3E-A871-4AE7-93AE-E9595BA32E3A}"
EndProject
Project("{FAE04EC0-301F-11D3-BF4B-00C04F79EFBC}") = "Calc (FUNCTIONS)", "Calc (FUNCTIONS)\Calc (FUNCTIONS).csproj", "{5D1F40E7-B773-490F-80D7-F12012050048}"
EndProject
Project("{FAE04EC0-301F-11D3-BF4B-00C04F79EFBC}") = "Pg435TicketSales", "Pg435TicketSales\Pg435TicketSales.csproj", "{45769236-672B-4662-98F7-C503B914C60C}"
EndProject
Global
	GlobalSection(SolutionConfigurationPlatforms) = preSolution
		Debug|Any CPU = Debug|Any CPU
		Release|Any CPU = Release|Any CPU
	EndGlobalSection
	GlobalSection(ProjectConfigurationPlatforms) = postSolution
		{B3E3A476-8EBB-4545-8342-3AAEA1EF173B}.Debug|Any CPU.ActiveCfg = Debug|Any CPU
		{B3E3A476-8EBB-4545-8342-3AAEA1EF173B}.Debug|Any CPU.Build.0 = Debug|Any CPU
		{B3E3A476-8EBB-4545-8342-3AAEA1EF173B}.Release|Any CPU.ActiveCfg = Release|Any CPU
		{B3E3A476-8EBB-4545-8342-3AAEA1EF173B}.Release|Any CPU.Build.0 = Release|Any CPU
		{A868FA4E-0EAA-4E26-B029-8D16B03657B5}.Debug|Any CPU.ActiveCfg = Debug|Any CPU
		{A868FA4E-0EAA-4E26-B029-8D16B03657B5}.Debug|Any CPU.Build.0 = Debug|Any CPU
		{A868FA4E-0EAA-4E26-B029-8D16B03657B5}.Release|Any CPU.ActiveCfg = Release|Any CPU
		{A868FA4E-0EAA-4E26-B029-8D16B03657B5}.Release|Any CPU.Build.0 = Release|Any CPU
		{9E7D1952-CB39-40C1-8E14-7C2DEE54B956}.Debug|Any CPU.ActiveCfg = Debug|Any CPU
		{9E7D1952-CB39-40C1-8E14-7C2DEE54B956}.Debug|Any CPU.Build.0 = Debug|Any CPU
		{9E7D1952-CB39-40C1-8E14-7C2DEE54B956}.Release|Any CPU.ActiveCfg = Release|Any CPU
		{9E7D1952-CB39-40C1-8E14-7C2DEE54B956}.Release|Any CPU.Build.0 = Release|Any CPU
		{9DB2A031-C4B0-46F0-96B8-10E5891AE4E5}.Debug|Any CPU.ActiveCfg = Debug|Any CPU
		{9DB2A031-C4B0-46F0-96B8-10E5891AE4E5}.Debug|Any CPU.Build.0 = Debug|Any CPU
		{9DB2A031-C4B0-46F0-96B8-10E5891AE4E5}.Release|Any CPU.ActiveCfg = Release|Any CPU
		{9DB2A031-C4B0-46F0-96B8-10E5891AE4E5}.Release|Any CPU.Build.0 = Release|Any CPU
		{E18981BF-874F-4DFB-A2F2-3A41A07C2A03}.Debug|Any CPU.ActiveCfg = Debug|Any CPU
		{E18981BF-874F-4DFB-A2F2-3A41A07C2A03}.Debug|Any CPU.Build.0 = Debug|Any CPU
		{E18981BF-874F-4DFB-A2F2-3A41A07C2A03}.Release|Any CPU.ActiveCfg = Release|Any CPU
		{E18981BF-874F-4DFB-A2F2-3A41A07C2A03}.Release|Any CPU.Build.0 = Release|Any CPU
		{B4B2C87B-6A61-4032-84E5-C1EE6C94EB34}.Debug|Any CPU.ActiveCfg = Debug|Any CPU
		{B4B2C87B-6A61-4032-84E5-C1EE6C94EB34}.Debug|Any CPU.Build.0 = Debug|Any CPU
		{B4B2C87B-6A61-4032-84E5-C1EE6C94EB34}.Release|Any CPU.ActiveCfg = Release|Any CPU
		{B4B2C87B-6A61-4032-84E5-C1EE6C94EB34}.Release|Any CPU.Build.0 = Release|Any CPU
		{CFE1EEBC-6044-48F5-AF51-76CFFA895650}.Debug|Any CPU.ActiveCfg = Debug|Any CPU
		{CFE1EEBC-6044-48F5-AF51-76CFFA895650}.Debug|Any CPU.Build.0 = Debug|Any CPU
		{CFE1EEBC-6044-48F5-AF51-76CFFA895650}.Release|Any CPU.ActiveCfg = Release|Any CPU
		{CFE1EEBC-6044-48F5-AF51-76CFFA895650}.Release|Any CPU.Build.0 = Release|Any CPU
		{4E52E523-546E-48CA-9FDA-FCAE700C1733}.Debug|Any CPU.ActiveCfg = Debug|Any CPU
		{4E52E523-546E-48CA-9FDA-FCAE700C1733}.Debug|Any CPU.Build.0 = Debug|Any CPU
		{4E52E523-546E-48CA-9FDA-FCAE700C1733}.Release|Any CPU.ActiveCfg = Release|Any CPU
		{4E52E523-546E-48CA-9FDA-FCAE700C1733}.Release|Any CPU.Build.0 = Release|Any CPU
		{4FA26C65-0CDC-406C-914E-85B51380C0A7}.Debug|Any CPU.ActiveCfg = Debug|Any CPU
		{4FA26C65-0CDC-406C-914E-85B51380C0A7}.Debug|Any CPU.Build.0 = Debug|Any CPU
		{4FA26C65-0CDC-406C-914E-85B51380C0A7}.Release|Any CPU.ActiveCfg = Release|Any CPU
		{4FA26C65-0CDC-406C-914E-85B51380C0A7}.Release|Any CPU.Build.0 = Release|Any CPU
		{8477B0B5-B757-4AB3-9851-C0E9A82EE7AC}.Debug|Any CPU.ActiveCfg = Debug|Any CPU
		{8477B0B5-B757-4AB3-9851-C0E9A82EE7AC}.Debug|Any CPU.Build.0 = Debug|Any CPU
		{8477B0B5-B757-4AB3-9851-C0E9A82EE7AC}.Release|Any CPU.ActiveCfg = Release|Any CPU
		{8477B0B5-B757-4AB3-9851-C0E9A82EE7AC}.Release|Any CPU.Build.0 = Release|Any CPU
		{ECD4BCB2-B123-4EAE-8C33-2662F9B61699}.Debug|Any CPU.ActiveCfg = Debug|Any CPU
		{ECD4BCB2-B123-4EAE-8C33-2662F9B61699}.Debug|Any CPU.Build.0 = Debug|Any CPU
		{ECD4BCB2-B123-4EAE-8C33-2662F9B61699}.Release|Any CPU.ActiveCfg = Release|Any CPU
		{ECD4BCB2-B123-4EAE-8C33-2662F9B61699}.Release|Any CPU.Build.0 = Release|Any CPU
		{61270494-6FF3-49E2-8A8A-56983366F16A}.Debug|Any CPU.ActiveCfg = Debug|Any CPU
		{61270494-6FF3-49E2-8A8A-56983366F16A}.Debug|Any CPU.Build.0 = Debug|Any CPU
		{61270494-6FF3-49E2-8A8A-56983366F16A}.Release|Any CPU.ActiveCfg = Release|Any CPU
		{61270494-6FF3-49E2-8A8A-56983366F16A}.Release|Any CPU.Build.0 = Release|Any CPU
		{FBE72D56-7DE7-4AA1-8C5E-F2368D1161BA}.Debug|Any CPU.ActiveCfg = Debug|Any CPU
		{FBE72D56-7DE7-4AA1-8C5E-F2368D1161BA}.Debug|Any CPU.Build.0 = Debug|Any CPU
		{FBE72D56-7DE7-4AA1-8C5E-F2368D1161BA}.Release|Any CPU.ActiveCfg = Release|Any CPU
		{FBE72D56-7DE7-4AA1-8C5E-F2368D1161BA}.Release|Any CPU.Build.0 = Release|Any CPU
		{934FFE95-DD1B-4C72-A02F-BC6DB2BBB217}.Debug|Any CPU.ActiveCfg = Debug|Any CPU
		{934FFE95-DD1B-4C72-A02F-BC6DB2BBB217}.Debug|Any CPU.Build.0 = Debug|Any CPU
		{934FFE95-DD1B-4C72-A02F-BC6DB2BBB217}.Release|Any CPU.ActiveCfg = Release|Any CPU
		{934FFE95-DD1B-4C72-A02F-BC6DB2BBB217}.Release|Any CPU.Build.0 = Release|Any CPU
		{92A437CD-162E-4B82-B4BE-86976FA4E3AB}.Debug|Any CPU.ActiveCfg = Debug|Any CPU
		{92A437CD-162E-4B82-B4BE-86976FA4E3AB}.Debug|Any CPU.Build.0 = Debug|Any CPU
		{92A437CD-162E-4B82-B4BE-86976FA4E3AB}.Release|Any CPU.ActiveCfg = Release|Any CPU
		{92A437CD-162E-4B82-B4BE-86976FA4E3AB}.Release|Any CPU.Build.0 = Release|Any CPU
		{3801C9E2-32D4-4784-A314-A6B39919812C}.Debug|Any CPU.ActiveCfg = Debug|Any CPU
		{3801C9E2-32D4-4784-A314-A6B39919812C}.Debug|Any CPU.Build.0 = Debug|Any CPU
		{3801C9E2-32D4-4784-A314-A6B39919812C}.Release|Any CPU.ActiveCfg = Release|Any CPU
		{3801C9E2-32D4-4784-A314-A6B39919812C}.Release|Any CPU.Build.0 = Release|Any CPU
		{5D7282ED-4F0B-4D10-AB40-36D51947E6EC}.Debug|Any CPU.ActiveCfg = Debug|Any CPU
		{5D7282ED-4F0B-4D10-AB40-36D51947E6EC}.Debug|Any CPU.Build.0 = Debug|Any CPU
		{5D7282ED-4F0B-4D10-AB40-36D51947E6EC}.Release|Any CPU.ActiveCfg = Release|Any CPU
		{5D7282ED-4F0B-4D10-AB40-36D51947E6EC}.Release|Any CPU.Build.0 = Release|Any CPU
		{52B60327-1BFF-47DD-A3D6-0F35C7E5EE42}.Debug|Any CPU.ActiveCfg = Debug|Any CPU
		{52B60327-1BFF-47DD-A3D6-0F35C7E5EE42}.Debug|Any CPU.Build.0 = Debug|Any CPU
		{52B60327-1BFF-47DD-A3D6-0F35C7E5EE42}.Release|Any CPU.ActiveCfg = Release|Any CPU
		{52B60327-1BFF-47DD-A3D6-0F35C7E5EE42}.Release|Any CPU.Build.0 = Release|Any CPU
		{CC981EA9-D746-4771-BBA6-A8EF0B44E5BE}.Debug|Any CPU.ActiveCfg = Debug|Any CPU
		{CC981EA9-D746-4771-BBA6-A8EF0B44E5BE}.Debug|Any CPU.Build.0 = Debug|Any CPU
		{CC981EA9-D746-4771-BBA6-A8EF0B44E5BE}.Release|Any CPU.ActiveCfg = Release|Any CPU
		{CC981EA9-D746-4771-BBA6-A8EF0B44E5BE}.Release|Any CPU.Build.0 = Release|Any CPU
		{048FF517-67A4-43AB-A100-BFD3C5375AEA}.Debug|Any CPU.ActiveCfg = Debug|Any CPU
		{048FF517-67A4-43AB-A100-BFD3C5375AEA}.Debug|Any CPU.Build.0 = Debug|Any CPU
		{048FF517-67A4-43AB-A100-BFD3C5375AEA}.Release|Any CPU.ActiveCfg = Release|Any CPU
		{048FF517-67A4-43AB-A100-BFD3C5375AEA}.Release|Any CPU.Build.0 = Release|Any CPU
		{61E38DEA-A561-4B38-9D5E-2F3B8E48056E}.Debug|Any CPU.ActiveCfg = Debug|Any CPU
		{61E38DEA-A561-4B38-9D5E-2F3B8E48056E}.Debug|Any CPU.Build.0 = Debug|Any CPU
		{61E38DEA-A561-4B38-9D5E-2F3B8E48056E}.Release|Any CPU.ActiveCfg = Release|Any CPU
		{61E38DEA-A561-4B38-9D5E-2F3B8E48056E}.Release|Any CPU.Build.0 = Release|Any CPU
		{4FD2AD47-F663-4AC6-BA50-29CC3E0FCD15}.Debug|Any CPU.ActiveCfg = Debug|Any CPU
		{4FD2AD47-F663-4AC6-BA50-29CC3E0FCD15}.Debug|Any CPU.Build.0 = Debug|Any CPU
		{4FD2AD47-F663-4AC6-BA50-29CC3E0FCD15}.Release|Any CPU.ActiveCfg = Release|Any CPU
		{4FD2AD47-F663-4AC6-BA50-29CC3E0FCD15}.Release|Any CPU.Build.0 = Release|Any CPU
		{47345D3E-A871-4AE7-93AE-E9595BA32E3A}.Debug|Any CPU.ActiveCfg = Debug|Any CPU
		{47345D3E-A871-4AE7-93AE-E9595BA32E3A}.Debug|Any CPU.Build.0 = Debug|Any CPU
		{47345D3E-A871-4AE7-93AE-E9595BA32E3A}.Release|Any CPU.ActiveCfg = Release|Any CPU
		{47345D3E-A871-4AE7-93AE-E9595BA32E3A}.Release|Any CPU.Build.0 = Release|Any CPU
		{5D1F40E7-B773-490F-80D7-F12012050048}.Debug|Any CPU.ActiveCfg = Debug|Any CPU
		{5D1F40E7-B773-490F-80D7-F12012050048}.Debug|Any CPU.Build.0 = Debug|Any CPU
		{5D1F40E7-B773-490F-80D7-F12012050048}.Release|Any CPU.ActiveCfg = Release|Any CPU
		{5D1F40E7-B773-490F-80D7-F12012050048}.Release|Any CPU.Build.0 = Release|Any CPU
		{45769236-672B-4662-98F7-C503B914C60C}.Debug|Any CPU.ActiveCfg = Debug|Any CPU
		{45769236-672B-4662-98F7-C503B914C60C}.Debug|Any CPU.Build.0 = Debug|Any CPU
		{45769236-672B-4662-98F7-C503B914C60C}.Release|Any CPU.ActiveCfg = Release|Any CPU
		{45769236-672B-4662-98F7-C503B914C60C}.Release|Any CPU.Build.0 = Release|Any CPU
	EndGlobalSection
	GlobalSection(SolutionProperties) = preSolution
		HideSolutionNode = FALSE
	EndGlobalSection
	GlobalSection(ExtensibilityGlobals) = postSolution
		SolutionGuid = {2D41943A-6D86-4531-BFD6-08C8F8B6FD87}
	EndGlobalSection
EndGlobal
