
Microsoft Visual Studio Solution File, Format Version 11.00
# Visual Studio 2010
# SharpDevelop 4.4
Project("{FD48973F-F585-4F70-812B-4D0503B36CE9}") = "Pg484DormAndMealPlans", "Pg484DormAndMealPlans\Pg484DormAndMealPlans.pyproj", "{C16BAFA8-EE0C-4B8F-A45A-0B618E3AEC28}"
EndProject
Global
	GlobalSection(SolutionConfigurationPlatforms) = preSolution
		Debug|Any CPU = Debug|Any CPU
		Release|Any CPU = Release|Any CPU
	EndGlobalSection
	GlobalSection(ProjectConfigurationPlatforms) = postSolution
		{C16BAFA8-EE0C-4B8F-A45A-0B618E3AEC28}.Debug|Any CPU.Build.0 = Debug|Any CPU
		{C16BAFA8-EE0C-4B8F-A45A-0B618E3AEC28}.Debug|Any CPU.ActiveCfg = Debug|Any CPU
		{C16BAFA8-EE0C-4B8F-A45A-0B618E3AEC28}.Release|Any CPU.Build.0 = Release|Any CPU
		{C16BAFA8-EE0C-4B8F-A45A-0B618E3AEC28}.Release|Any CPU.ActiveCfg = Release|Any CPU
	EndGlobalSection
EndGlobal
