
Microsoft Visual Studio Solution File, Format Version 11.00
# Visual Studio 2010
# SharpDevelop 4.4
Project("{FD48973F-F585-4F70-812B-4D0503B36CE9}") = "HelloWorld", "HelloWorld\HelloWorld.pyproj", "{72B1D761-EF06-4883-AAD7-C93E498AEF2D}"
EndProject
Global
	GlobalSection(SolutionConfigurationPlatforms) = preSolution
		Debug|Any CPU = Debug|Any CPU
		Release|Any CPU = Release|Any CPU
	EndGlobalSection
	GlobalSection(ProjectConfigurationPlatforms) = postSolution
		{72B1D761-EF06-4883-AAD7-C93E498AEF2D}.Debug|Any CPU.Build.0 = Debug|Any CPU
		{72B1D761-EF06-4883-AAD7-C93E498AEF2D}.Debug|Any CPU.ActiveCfg = Debug|Any CPU
		{72B1D761-EF06-4883-AAD7-C93E498AEF2D}.Release|Any CPU.Build.0 = Release|Any CPU
		{72B1D761-EF06-4883-AAD7-C93E498AEF2D}.Release|Any CPU.ActiveCfg = Release|Any CPU
	EndGlobalSection
EndGlobal
