
Microsoft Visual Studio Solution File, Format Version 11.00
# Visual Studio 2010
# SharpDevelop 4.4
Project("{FD48973F-F585-4F70-812B-4D0503B36CE9}") = "Prog54B", "Prog54B\Prog54B.pyproj", "{B0A2D815-F753-4D98-B580-DC475B44A5E0}"
EndProject
Global
	GlobalSection(SolutionConfigurationPlatforms) = preSolution
		Debug|Any CPU = Debug|Any CPU
		Release|Any CPU = Release|Any CPU
	EndGlobalSection
	GlobalSection(ProjectConfigurationPlatforms) = postSolution
		{B0A2D815-F753-4D98-B580-DC475B44A5E0}.Debug|Any CPU.Build.0 = Debug|Any CPU
		{B0A2D815-F753-4D98-B580-DC475B44A5E0}.Debug|Any CPU.ActiveCfg = Debug|Any CPU
		{B0A2D815-F753-4D98-B580-DC475B44A5E0}.Release|Any CPU.Build.0 = Release|Any CPU
		{B0A2D815-F753-4D98-B580-DC475B44A5E0}.Release|Any CPU.ActiveCfg = Release|Any CPU
	EndGlobalSection
EndGlobal
