
Microsoft Visual Studio Solution File, Format Version 11.00
# Visual Studio 2010
# SharpDevelop 4.4
Project("{FD48973F-F585-4F70-812B-4D0503B36CE9}") = "Prog52A", "Prog52A\Prog52A.pyproj", "{2F7849F7-DD1B-471A-BBC9-2C21C38990D6}"
EndProject
Global
	GlobalSection(SolutionConfigurationPlatforms) = preSolution
		Debug|Any CPU = Debug|Any CPU
		Release|Any CPU = Release|Any CPU
	EndGlobalSection
	GlobalSection(ProjectConfigurationPlatforms) = postSolution
		{2F7849F7-DD1B-471A-BBC9-2C21C38990D6}.Debug|Any CPU.Build.0 = Debug|Any CPU
		{2F7849F7-DD1B-471A-BBC9-2C21C38990D6}.Debug|Any CPU.ActiveCfg = Debug|Any CPU
		{2F7849F7-DD1B-471A-BBC9-2C21C38990D6}.Release|Any CPU.Build.0 = Release|Any CPU
		{2F7849F7-DD1B-471A-BBC9-2C21C38990D6}.Release|Any CPU.ActiveCfg = Release|Any CPU
	EndGlobalSection
EndGlobal
